# This file is automatically @generated by Cargo.
# It is not intended for manual editing.
version = 4

[[package]]
name = "city-app"
version = "0.1.0"

[[package]]
name = "city-avatar"
version = "0.1.0"

[[package]]
name = "city-camera"
version = "0.1.0"

[[package]]
name = "city-hud"
version = "0.1.0"

[[package]]
name = "city-input"
version = "0.1.0"

[[package]]
name = "city-integration"
version = "0.1.0"

[[package]]
name = "city-layout"
version = "0.1.0"
dependencies = [
 "city-math",
]

[[package]]
name = "city-math"
version = "0.1.0"

[[package]]
name = "city-mesh"
version = "0.1.0"

[[package]]
name = "city-render"
version = "0.1.0"

[[package]]
name = "city-sim"
version = "0.1.0"

[[package]]
name = "city-sky"
version = "0.1.0"

[[package]]
name = "city-tex"
version = "0.1.0"
